{
  "markbot": "cc99960bf65b2279423e3f2377d821145c33f1a4d9e57f81dc64c4215dcfdd46",
  "index-320.png": "70bd926e671019de1fbfd28bb0dc8c6be56bfab2e66c03c69baf02f106e07d08",
  "index-400.png": "9d31d67e12e3871187a09f427f0bce5c92814215b3fd9867a301351af925ddd3",
  "index-608.png": "08acf27286bc408d6a0c1f85d0b2652e8762681e21e0558b1e2b7504063528ca",
  "index-960.png": "2da2472b141f6dbaaa6bbebae2f8e8289978eef73358991d1f527a07c1fcd97d",
  "index-1440.png": "c633f3e3f79179d290ac4d3436258e6db10f87261950954a2f97a94fd5eefac7"
}