{
  "markbot": "baa78371ba85dad8b0f6a8c926de345e332c2337ad0194be7d663b1b69eae106",
  "index-320.png": "04160fc0dbe00e7cfe75d77e61b6d8616a49a893c4bab377b124431d2b05a07f",
  "index-400.png": "52941f954790ff6334234364289758c2da0b5533ee42fb53283b5ab29d279d45",
  "index-608.png": "858432eb9a1bd70a9bff6a8ad50da05bbe917b666f05c5f16cdf380ac41a1aca",
  "index-960.png": "03b00b9dd87cdabd5871e40fe8591baf1de3e1549541a78b8ab8959498fbe8f8",
  "index-1440.png": "5a2fa26f70d9e0276baa3c9248f1a879c3621ce574fd1cd7f51d6e0cf593179e"
}